
Microsoft Visual Studio Solution File, Format Version 12.00
# Visual Studio Version 16
VisualStudioVersion = 16.0.30225.117
MinimumVisualStudioVersion = 10.0.40219.1
Project("{FAE04EC0-301F-11D3-BF4B-00C04F79EFBC}") = "20200824_student", "20200824_student\20200824_student.csproj", "{72F5873E-E1DD-438C-B2BF-1E945AA16131}"
EndProject
Global
	GlobalSection(SolutionConfigurationPlatforms) = preSolution
		Debug|Any CPU = Debug|Any CPU
		Release|Any CPU = Release|Any CPU
	EndGlobalSection
	GlobalSection(ProjectConfigurationPlatforms) = postSolution
		{72F5873E-E1DD-438C-B2BF-1E945AA16131}.Debug|Any CPU.ActiveCfg = Debug|Any CPU
		{72F5873E-E1DD-438C-B2BF-1E945AA16131}.Debug|Any CPU.Build.0 = Debug|Any CPU
		{72F5873E-E1DD-438C-B2BF-1E945AA16131}.Release|Any CPU.ActiveCfg = Release|Any CPU
		{72F5873E-E1DD-438C-B2BF-1E945AA16131}.Release|Any CPU.Build.0 = Release|Any CPU
	EndGlobalSection
	GlobalSection(SolutionProperties) = preSolution
		HideSolutionNode = FALSE
	EndGlobalSection
	GlobalSection(ExtensibilityGlobals) = postSolution
		SolutionGuid = {3C98668B-688F-4745-848E-2807A805C6E5}
	EndGlobalSection
EndGlobal
