
Microsoft Visual Studio Solution File, Format Version 12.00
# Visual Studio Version 16
VisualStudioVersion = 16.0.30225.117
MinimumVisualStudioVersion = 10.0.40219.1
Project("{FAE04EC0-301F-11D3-BF4B-00C04F79EFBC}") = "ORACLE_20200831", "ORACLE_20200831\ORACLE_20200831.csproj", "{A6509B0F-2D9C-43C2-96B7-6251AE874B83}"
EndProject
Global
	GlobalSection(SolutionConfigurationPlatforms) = preSolution
		Debug|Any CPU = Debug|Any CPU
		Release|Any CPU = Release|Any CPU
	EndGlobalSection
	GlobalSection(ProjectConfigurationPlatforms) = postSolution
		{A6509B0F-2D9C-43C2-96B7-6251AE874B83}.Debug|Any CPU.ActiveCfg = Debug|Any CPU
		{A6509B0F-2D9C-43C2-96B7-6251AE874B83}.Debug|Any CPU.Build.0 = Debug|Any CPU
		{A6509B0F-2D9C-43C2-96B7-6251AE874B83}.Release|Any CPU.ActiveCfg = Release|Any CPU
		{A6509B0F-2D9C-43C2-96B7-6251AE874B83}.Release|Any CPU.Build.0 = Release|Any CPU
	EndGlobalSection
	GlobalSection(SolutionProperties) = preSolution
		HideSolutionNode = FALSE
	EndGlobalSection
	GlobalSection(ExtensibilityGlobals) = postSolution
		SolutionGuid = {81E69442-FB10-4904-843F-55D5D287A86B}
	EndGlobalSection
EndGlobal
