
Microsoft Visual Studio Solution File, Format Version 12.00
# Visual Studio Version 16
VisualStudioVersion = 16.0.30225.117
MinimumVisualStudioVersion = 10.0.40219.1
Project("{FAE04EC0-301F-11D3-BF4B-00C04F79EFBC}") = "select_insert_delete_update", "select_insert_delete_update\select_insert_delete_update.csproj", "{93ED890E-6E01-49BB-82BE-950CE1D66A8A}"
EndProject
Global
	GlobalSection(SolutionConfigurationPlatforms) = preSolution
		Debug|Any CPU = Debug|Any CPU
		Release|Any CPU = Release|Any CPU
	EndGlobalSection
	GlobalSection(ProjectConfigurationPlatforms) = postSolution
		{93ED890E-6E01-49BB-82BE-950CE1D66A8A}.Debug|Any CPU.ActiveCfg = Debug|Any CPU
		{93ED890E-6E01-49BB-82BE-950CE1D66A8A}.Debug|Any CPU.Build.0 = Debug|Any CPU
		{93ED890E-6E01-49BB-82BE-950CE1D66A8A}.Release|Any CPU.ActiveCfg = Release|Any CPU
		{93ED890E-6E01-49BB-82BE-950CE1D66A8A}.Release|Any CPU.Build.0 = Release|Any CPU
	EndGlobalSection
	GlobalSection(SolutionProperties) = preSolution
		HideSolutionNode = FALSE
	EndGlobalSection
	GlobalSection(ExtensibilityGlobals) = postSolution
		SolutionGuid = {C9E11CDB-0B05-4A5F-800C-9441FDFA5B94}
	EndGlobalSection
EndGlobal
